// !$*UTF8*$!
{
	archiveVersion = 1;
	classes = {
	};
	objectVersion = 46;
	objects = {

/* Begin PBXBuildFile section */
		1363ED69157CA4D100C0639B /* qaf0.png in Resources */ = {isa = PBXBuildFile; fileRef = 1363ED68157CA4D100C0639B /* qaf0.png */; };
		139B5E1F1574F9D50017C267 /* JawiLetter.m in Sources */ = {isa = PBXBuildFile; fileRef = 139B5E1E1574F9D50017C267 /* JawiLetter.m */; };
		13A2F5D5158432F100C5D828 /* ca1.png in Resources */ = {isa = PBXBuildFile; fileRef = 13A2F5D4158432F100C5D828 /* ca1.png */; };
		13A2F5D71584334900C5D828 /* ca2.png in Resources */ = {isa = PBXBuildFile; fileRef = 13A2F5D61584334900C5D828 /* ca2.png */; };
		13A2F5F71584364600C5D828 /* dua0.png in Resources */ = {isa = PBXBuildFile; fileRef = 13A2F5F61584364600C5D828 /* dua0.png */; };
		13A2F5F9158436AC00C5D828 /* dua3.png in Resources */ = {isa = PBXBuildFile; fileRef = 13A2F5F8158436AC00C5D828 /* dua3.png */; };
		13A2F60E1584371700C5D828 /* mim1.png in Resources */ = {isa = PBXBuildFile; fileRef = 13A2F60D1584371700C5D828 /* mim1.png */; };
		13A2F666158447D900C5D828 /* zai0.png in Resources */ = {isa = PBXBuildFile; fileRef = 13A2F665158447D900C5D828 /* zai0.png */; };
		13A2F668158447E500C5D828 /* zai2.png in Resources */ = {isa = PBXBuildFile; fileRef = 13A2F667158447E500C5D828 /* zai2.png */; };
		13A2F69815844AA700C5D828 /* va2.png in Resources */ = {isa = PBXBuildFile; fileRef = 13A2F69715844AA700C5D828 /* va2.png */; };
		13A2F69A15844AAD00C5D828 /* va3.png in Resources */ = {isa = PBXBuildFile; fileRef = 13A2F69915844AAD00C5D828 /* va3.png */; };
		13A2F6A915844B1600C5D828 /* va0.png in Resources */ = {isa = PBXBuildFile; fileRef = 13A2F6A815844B1600C5D828 /* va0.png */; };
		13A2F6C015844BC000C5D828 /* zai1.png in Resources */ = {isa = PBXBuildFile; fileRef = 13A2F6BF15844BC000C5D828 /* zai1.png */; };
		13A2F6C915844C2900C5D828 /* fa1.png in Resources */ = {isa = PBXBuildFile; fileRef = 13A2F6C815844C2900C5D828 /* fa1.png */; };
		13A2F6CB15844C6B00C5D828 /* tam3.png in Resources */ = {isa = PBXBuildFile; fileRef = 13A2F6CA15844C6B00C5D828 /* tam3.png */; };
		13A2F6CD15844CA800C5D828 /* ho3.png in Resources */ = {isa = PBXBuildFile; fileRef = 13A2F6CC15844CA800C5D828 /* ho3.png */; };
		13A2F6ED158460D100C5D828 /* mim2.png in Resources */ = {isa = PBXBuildFile; fileRef = 13A2F6EC158460D100C5D828 /* mim2.png */; };
		13A2F7041584613C00C5D828 /* ta0.png in Resources */ = {isa = PBXBuildFile; fileRef = 13A2F7031584613C00C5D828 /* ta0.png */; };
		13A2F71E1584638200C5D828 /* dad1.png in Resources */ = {isa = PBXBuildFile; fileRef = 13A2F71D1584638200C5D828 /* dad1.png */; };
		13A2F7271584639E00C5D828 /* ba2.png in Resources */ = {isa = PBXBuildFile; fileRef = 13A2F7261584639E00C5D828 /* ba2.png */; };
		13A2F729158464BC00C5D828 /* ain3.png in Resources */ = {isa = PBXBuildFile; fileRef = 13A2F728158464BC00C5D828 /* ain3.png */; };
		13A2F7561584719800C5D828 /* ain1.png in Resources */ = {isa = PBXBuildFile; fileRef = 13A2F7551584719800C5D828 /* ain1.png */; };
		13A2F75B158471F600C5D828 /* ba3.png in Resources */ = {isa = PBXBuildFile; fileRef = 13A2F75A158471F600C5D828 /* ba3.png */; };
		13A2F770158473D100C5D828 /* pa1.png in Resources */ = {isa = PBXBuildFile; fileRef = 13A2F76F158473D100C5D828 /* pa1.png */; };
		13A2F77B158473F800C5D828 /* hamzah0.png in Resources */ = {isa = PBXBuildFile; fileRef = 13A2F77A158473F800C5D828 /* hamzah0.png */; };
		13A2F77D1584743A00C5D828 /* sin0.png in Resources */ = {isa = PBXBuildFile; fileRef = 13A2F77C1584743A00C5D828 /* sin0.png */; };
		13A2F78A158474AD00C5D828 /* hamzah1.png in Resources */ = {isa = PBXBuildFile; fileRef = 13A2F789158474AD00C5D828 /* hamzah1.png */; };
		13ED44C9156392A8009C51CC /* TypeList.plist in Resources */ = {isa = PBXBuildFile; fileRef = 13ED44C8156392A8009C51CC /* TypeList.plist */; };
		1D3623260D0F684500981E51 /* jTileAppDelegate.m in Sources */ = {isa = PBXBuildFile; fileRef = 1D3623250D0F684500981E51 /* jTileAppDelegate.m */; };
		1D60589B0D05DD56006BFB54 /* main.m in Sources */ = {isa = PBXBuildFile; fileRef = 29B97316FDCFA39411CA2CEA /* main.m */; };
		1D60589F0D05DD5A006BFB54 /* Foundation.framework in Frameworks */ = {isa = PBXBuildFile; fileRef = 1D30AB110D05D00D00671497 /* Foundation.framework */; };
		1DF5F4E00D08C38300B7A737 /* UIKit.framework in Frameworks */ = {isa = PBXBuildFile; fileRef = 1DF5F4DF0D08C38300B7A737 /* UIKit.framework */; };
		288765A50DF7441C002DB57D /* CoreGraphics.framework in Frameworks */ = {isa = PBXBuildFile; fileRef = 288765A40DF7441C002DB57D /* CoreGraphics.framework */; };
		2899E5220DE3E06400AC0155 /* jTileViewController.xib in Resources */ = {isa = PBXBuildFile; fileRef = 2899E5210DE3E06400AC0155 /* jTileViewController.xib */; };
		28AD733F0D9D9553002E5188 /* MainWindow.xib in Resources */ = {isa = PBXBuildFile; fileRef = 28AD733E0D9D9553002E5188 /* MainWindow.xib */; };
		28D7ACF80DDB3853001CB0EB /* jTileViewController.m in Sources */ = {isa = PBXBuildFile; fileRef = 28D7ACF70DDB3853001CB0EB /* jTileViewController.m */; };
		431DC3D01577CD1F00494407 /* ba0.png in Resources */ = {isa = PBXBuildFile; fileRef = 431DC3CF1577CD1F00494407 /* ba0.png */; };
		4344AD661565FD580042185D /* ObjectSpelling.plist in Resources */ = {isa = PBXBuildFile; fileRef = 4344AD651565FD580042185D /* ObjectSpelling.plist */; };
		434621D01583A48800D2F60D /* lam1.png in Resources */ = {isa = PBXBuildFile; fileRef = 434621CF1583A48800D2F60D /* lam1.png */; };
		437CBC17156DCBBB004BDB97 /* LetterList.plist in Resources */ = {isa = PBXBuildFile; fileRef = 437CBC16156DCBBB004BDB97 /* LetterList.plist */; };
		437DD2AC15830B4D00343EE3 /* ya1.png in Resources */ = {isa = PBXBuildFile; fileRef = 437DD2AB15830B4D00343EE3 /* ya1.png */; };
		437DD3101583264C00343EE3 /* mim3.png in Resources */ = {isa = PBXBuildFile; fileRef = 437DD30F1583264C00343EE3 /* mim3.png */; };
		437DD3121583265300343EE3 /* alif1.png in Resources */ = {isa = PBXBuildFile; fileRef = 437DD3111583265300343EE3 /* alif1.png */; };
		437DD34B15835F0900343EE3 /* dash2.png in Resources */ = {isa = PBXBuildFile; fileRef = 437DD34A15835F0900343EE3 /* dash2.png */; };
		437DD47015836AA400343EE3 /* ta1.png in Resources */ = {isa = PBXBuildFile; fileRef = 437DD46F15836AA400343EE3 /* ta1.png */; };
		437DD4941583729600343EE3 /* jim1.png in Resources */ = {isa = PBXBuildFile; fileRef = 437DD4931583729600343EE3 /* jim1.png */; };
		437DD4A01583730F00343EE3 /* nga3.png in Resources */ = {isa = PBXBuildFile; fileRef = 437DD49F1583730F00343EE3 /* nga3.png */; };
		43905CDB1571188F00620E6A /* nun1.png in Resources */ = {isa = PBXBuildFile; fileRef = 43905CDA1571188F00620E6A /* nun1.png */; };
		43905CEA15711B5E00620E6A /* dash0.png in Resources */ = {isa = PBXBuildFile; fileRef = 43905CE915711B5E00620E6A /* dash0.png */; };
		43905CEC15711B6300620E6A /* dash1.png in Resources */ = {isa = PBXBuildFile; fileRef = 43905CEB15711B6300620E6A /* dash1.png */; };
		43A8584015821657007BBF99 /* wau1.png in Resources */ = {isa = PBXBuildFile; fileRef = 43A8583F15821657007BBF99 /* wau1.png */; };
		43A858421582165D007BBF99 /* wau2.png in Resources */ = {isa = PBXBuildFile; fileRef = 43A858411582165D007BBF99 /* wau2.png */; };
		43A8585A15821FDA007BBF99 /* la2.png in Resources */ = {isa = PBXBuildFile; fileRef = 43A8585915821FDA007BBF99 /* la2.png */; };
		43A8585C15821FE6007BBF99 /* la3.png in Resources */ = {isa = PBXBuildFile; fileRef = 43A8585B15821FE6007BBF99 /* la3.png */; };
		43A8587615822425007BBF99 /* ya2.png in Resources */ = {isa = PBXBuildFile; fileRef = 43A8587515822425007BBF99 /* ya2.png */; };
		43A8588E158225E7007BBF99 /* ra2.png in Resources */ = {isa = PBXBuildFile; fileRef = 43A8588D158225E7007BBF99 /* ra2.png */; };
		43A858A815822911007BBF99 /* la1.png in Resources */ = {isa = PBXBuildFile; fileRef = 43A858A715822911007BBF99 /* la1.png */; };
		43A858B215822972007BBF99 /* wau3.png in Resources */ = {isa = PBXBuildFile; fileRef = 43A858B115822972007BBF99 /* wau3.png */; };
		43A8B9E315803C20000096AF /* sin1.png in Resources */ = {isa = PBXBuildFile; fileRef = 43A8B9E215803C20000096AF /* sin1.png */; };
		43A8B9E515803C3C000096AF /* lam2.png in Resources */ = {isa = PBXBuildFile; fileRef = 43A8B9E415803C3C000096AF /* lam2.png */; };
		43A8B9E715803C43000096AF /* alif2.png in Resources */ = {isa = PBXBuildFile; fileRef = 43A8B9E615803C43000096AF /* alif2.png */; };
		43A8B9F115803D7F000096AF /* mim0.png in Resources */ = {isa = PBXBuildFile; fileRef = 43A8B9F015803D7F000096AF /* mim0.png */; };
		43ACBABF157E1501005544A5 /* dash3.png in Resources */ = {isa = PBXBuildFile; fileRef = 43ACBABE157E1501005544A5 /* dash3.png */; };
		43CE1896156BAF150056E7C3 /* PanelGrid.m in Sources */ = {isa = PBXBuildFile; fileRef = 43CE1895156BAF150056E7C3 /* PanelGrid.m */; };
		43CE18C3156BBC820056E7C3 /* bagrid.png in Resources */ = {isa = PBXBuildFile; fileRef = 43CE18C2156BBC820056E7C3 /* bagrid.png */; };
		43EDCFEA15689F3A002AD3E7 /* ra1.png in Resources */ = {isa = PBXBuildFile; fileRef = 43EDCFE915689F3A002AD3E7 /* ra1.png */; };
		43EDCFEC15689F3E002AD3E7 /* nga0.png in Resources */ = {isa = PBXBuildFile; fileRef = 43EDCFEB15689F3E002AD3E7 /* nga0.png */; };
		43EDD00B1568A2CC002AD3E7 /* nun2.png in Resources */ = {isa = PBXBuildFile; fileRef = 43EDD00A1568A2CC002AD3E7 /* nun2.png */; };
		43EDD0161568B1C3002AD3E7 /* ba1.png in Resources */ = {isa = PBXBuildFile; fileRef = 43EDD0151568B1C3002AD3E7 /* ba1.png */; };
/* End PBXBuildFile section */

/* Begin PBXFileReference section */
		1363ED68157CA4D100C0639B /* qaf0.png */ = {isa = PBXFileReference; lastKnownFileType = image.png; path = qaf0.png; sourceTree = "<group>"; };
		139B5E1D1574F9D50017C267 /* JawiLetter.h */ = {isa = PBXFileReference; fileEncoding = 4; lastKnownFileType = sourcecode.c.h; path = JawiLetter.h; sourceTree = "<group>"; };
		139B5E1E1574F9D50017C267 /* JawiLetter.m */ = {isa = PBXFileReference; fileEncoding = 4; lastKnownFileType = sourcecode.c.objc; path = JawiLetter.m; sourceTree = "<group>"; };
		13A2F5D4158432F100C5D828 /* ca1.png */ = {isa = PBXFileReference; lastKnownFileType = image.png; path = ca1.png; sourceTree = "<group>"; };
		13A2F5D61584334900C5D828 /* ca2.png */ = {isa = PBXFileReference; lastKnownFileType = image.png; path = ca2.png; sourceTree = "<group>"; };
		13A2F5F61584364600C5D828 /* dua0.png */ = {isa = PBXFileReference; lastKnownFileType = image.png; path = dua0.png; sourceTree = "<group>"; };
		13A2F5F8158436AC00C5D828 /* dua3.png */ = {isa = PBXFileReference; lastKnownFileType = image.png; path = dua3.png; sourceTree = "<group>"; };
		13A2F60D1584371700C5D828 /* mim1.png */ = {isa = PBXFileReference; lastKnownFileType = image.png; path = mim1.png; sourceTree = "<group>"; };
		13A2F665158447D900C5D828 /* zai0.png */ = {isa = PBXFileReference; lastKnownFileType = image.png; path = zai0.png; sourceTree = "<group>"; };
		13A2F667158447E500C5D828 /* zai2.png */ = {isa = PBXFileReference; lastKnownFileType = image.png; path = zai2.png; sourceTree = "<group>"; };
		13A2F69715844AA700C5D828 /* va2.png */ = {isa = PBXFileReference; lastKnownFileType = image.png; path = va2.png; sourceTree = "<group>"; };
		13A2F69915844AAD00C5D828 /* va3.png */ = {isa = PBXFileReference; lastKnownFileType = image.png; path = va3.png; sourceTree = "<group>"; };
		13A2F6A815844B1600C5D828 /* va0.png */ = {isa = PBXFileReference; lastKnownFileType = image.png; path = va0.png; sourceTree = "<group>"; };
		13A2F6BF15844BC000C5D828 /* zai1.png */ = {isa = PBXFileReference; lastKnownFileType = image.png; path = zai1.png; sourceTree = "<group>"; };
		13A2F6C815844C2900C5D828 /* fa1.png */ = {isa = PBXFileReference; lastKnownFileType = image.png; path = fa1.png; sourceTree = "<group>"; };
		13A2F6CA15844C6B00C5D828 /* tam3.png */ = {isa = PBXFileReference; lastKnownFileType = image.png; path = tam3.png; sourceTree = "<group>"; };
		13A2F6CC15844CA800C5D828 /* ho3.png */ = {isa = PBXFileReference; lastKnownFileType = image.png; path = ho3.png; sourceTree = "<group>"; };
		13A2F6EC158460D100C5D828 /* mim2.png */ = {isa = PBXFileReference; lastKnownFileType = image.png; path = mim2.png; sourceTree = "<group>"; };
		13A2F7031584613C00C5D828 /* ta0.png */ = {isa = PBXFileReference; lastKnownFileType = image.png; path = ta0.png; sourceTree = "<group>"; };
		13A2F71D1584638200C5D828 /* dad1.png */ = {isa = PBXFileReference; lastKnownFileType = image.png; path = dad1.png; sourceTree = "<group>"; };
		13A2F7261584639E00C5D828 /* ba2.png */ = {isa = PBXFileReference; lastKnownFileType = image.png; path = ba2.png; sourceTree = "<group>"; };
		13A2F728158464BC00C5D828 /* ain3.png */ = {isa = PBXFileReference; lastKnownFileType = image.png; path = ain3.png; sourceTree = "<group>"; };
		13A2F7551584719800C5D828 /* ain1.png */ = {isa = PBXFileReference; lastKnownFileType = image.png; path = ain1.png; sourceTree = "<group>"; };
		13A2F75A158471F600C5D828 /* ba3.png */ = {isa = PBXFileReference; lastKnownFileType = image.png; path = ba3.png; sourceTree = "<group>"; };
		13A2F76F158473D100C5D828 /* pa1.png */ = {isa = PBXFileReference; lastKnownFileType = image.png; path = pa1.png; sourceTree = "<group>"; };
		13A2F77A158473F800C5D828 /* hamzah0.png */ = {isa = PBXFileReference; lastKnownFileType = image.png; path = hamzah0.png; sourceTree = "<group>"; };
		13A2F77C1584743A00C5D828 /* sin0.png */ = {isa = PBXFileReference; lastKnownFileType = image.png; path = sin0.png; sourceTree = "<group>"; };
		13A2F789158474AD00C5D828 /* hamzah1.png */ = {isa = PBXFileReference; lastKnownFileType = image.png; path = hamzah1.png; sourceTree = "<group>"; };
		13ED44C8156392A8009C51CC /* TypeList.plist */ = {isa = PBXFileReference; fileEncoding = 4; lastKnownFileType = text.plist.xml; path = TypeList.plist; sourceTree = "<group>"; };
		1D30AB110D05D00D00671497 /* Foundation.framework */ = {isa = PBXFileReference; lastKnownFileType = wrapper.framework; name = Foundation.framework; path = System/Library/Frameworks/Foundation.framework; sourceTree = SDKROOT; };
		1D3623240D0F684500981E51 /* jTileAppDelegate.h */ = {isa = PBXFileReference; fileEncoding = 4; lastKnownFileType = sourcecode.c.h; path = jTileAppDelegate.h; sourceTree = "<group>"; };
		1D3623250D0F684500981E51 /* jTileAppDelegate.m */ = {isa = PBXFileReference; fileEncoding = 4; lastKnownFileType = sourcecode.c.objc; path = jTileAppDelegate.m; sourceTree = "<group>"; };
		1D6058910D05DD3D006BFB54 /* jTile.app */ = {isa = PBXFileReference; explicitFileType = wrapper.application; includeInIndex = 0; path = jTile.app; sourceTree = BUILT_PRODUCTS_DIR; };
		1DF5F4DF0D08C38300B7A737 /* UIKit.framework */ = {isa = PBXFileReference; lastKnownFileType = wrapper.framework; name = UIKit.framework; path = System/Library/Frameworks/UIKit.framework; sourceTree = SDKROOT; };
		288765A40DF7441C002DB57D /* CoreGraphics.framework */ = {isa = PBXFileReference; lastKnownFileType = wrapper.framework; name = CoreGraphics.framework; path = System/Library/Frameworks/CoreGraphics.framework; sourceTree = SDKROOT; };
		2899E5210DE3E06400AC0155 /* jTileViewController.xib */ = {isa = PBXFileReference; lastKnownFileType = file.xib; path = jTileViewController.xib; sourceTree = "<group>"; };
		28AD733E0D9D9553002E5188 /* MainWindow.xib */ = {isa = PBXFileReference; lastKnownFileType = file.xib; path = MainWindow.xib; sourceTree = "<group>"; };
		28D7ACF60DDB3853001CB0EB /* jTileViewController.h */ = {isa = PBXFileReference; fileEncoding = 4; lastKnownFileType = sourcecode.c.h; path = jTileViewController.h; sourceTree = "<group>"; };
		28D7ACF70DDB3853001CB0EB /* jTileViewController.m */ = {isa = PBXFileReference; fileEncoding = 4; lastKnownFileType = sourcecode.c.objc; path = jTileViewController.m; sourceTree = "<group>"; };
		29B97316FDCFA39411CA2CEA /* main.m */ = {isa = PBXFileReference; fileEncoding = 4; lastKnownFileType = sourcecode.c.objc; path = main.m; sourceTree = "<group>"; };
		32CA4F630368D1EE00C91783 /* jTile_Prefix.pch */ = {isa = PBXFileReference; fileEncoding = 4; lastKnownFileType = sourcecode.c.h; path = jTile_Prefix.pch; sourceTree = "<group>"; };
		431DC3CF1577CD1F00494407 /* ba0.png */ = {isa = PBXFileReference; lastKnownFileType = image.png; path = ba0.png; sourceTree = "<group>"; };
		4344AD651565FD580042185D /* ObjectSpelling.plist */ = {isa = PBXFileReference; fileEncoding = 4; lastKnownFileType = text.plist.xml; path = ObjectSpelling.plist; sourceTree = "<group>"; };
		434621CF1583A48800D2F60D /* lam1.png */ = {isa = PBXFileReference; lastKnownFileType = image.png; path = lam1.png; sourceTree = "<group>"; };
		437CBC16156DCBBB004BDB97 /* LetterList.plist */ = {isa = PBXFileReference; fileEncoding = 4; lastKnownFileType = text.plist.xml; path = LetterList.plist; sourceTree = "<group>"; };
		437DD2AB15830B4D00343EE3 /* ya1.png */ = {isa = PBXFileReference; lastKnownFileType = image.png; name = ya1.png; path = ../../Dropbox/jawitiles/ya1.png; sourceTree = SOURCE_ROOT; };
		437DD30F1583264C00343EE3 /* mim3.png */ = {isa = PBXFileReference; lastKnownFileType = image.png; path = mim3.png; sourceTree = "<group>"; };
		437DD3111583265300343EE3 /* alif1.png */ = {isa = PBXFileReference; lastKnownFileType = image.png; path = alif1.png; sourceTree = "<group>"; };
		437DD34A15835F0900343EE3 /* dash2.png */ = {isa = PBXFileReference; lastKnownFileType = image.png; path = dash2.png; sourceTree = "<group>"; };
		437DD46F15836AA400343EE3 /* ta1.png */ = {isa = PBXFileReference; lastKnownFileType = image.png; path = ta1.png; sourceTree = "<group>"; };
		437DD4931583729600343EE3 /* jim1.png */ = {isa = PBXFileReference; lastKnownFileType = image.png; path = jim1.png; sourceTree = "<group>"; };
		437DD49F1583730F00343EE3 /* nga3.png */ = {isa = PBXFileReference; lastKnownFileType = image.png; path = nga3.png; sourceTree = "<group>"; };
		43905CDA1571188F00620E6A /* nun1.png */ = {isa = PBXFileReference; lastKnownFileType = image.png; path = nun1.png; sourceTree = "<group>"; };
		43905CE915711B5E00620E6A /* dash0.png */ = {isa = PBXFileReference; lastKnownFileType = image.png; path = dash0.png; sourceTree = "<group>"; };
		43905CEB15711B6300620E6A /* dash1.png */ = {isa = PBXFileReference; lastKnownFileType = image.png; path = dash1.png; sourceTree = "<group>"; };
		43A8583F15821657007BBF99 /* wau1.png */ = {isa = PBXFileReference; lastKnownFileType = image.png; path = wau1.png; sourceTree = "<group>"; };
		43A858411582165D007BBF99 /* wau2.png */ = {isa = PBXFileReference; lastKnownFileType = image.png; path = wau2.png; sourceTree = "<group>"; };
		43A8585915821FDA007BBF99 /* la2.png */ = {isa = PBXFileReference; lastKnownFileType = image.png; path = la2.png; sourceTree = "<group>"; };
		43A8585B15821FE6007BBF99 /* la3.png */ = {isa = PBXFileReference; lastKnownFileType = image.png; path = la3.png; sourceTree = "<group>"; };
		43A8587515822425007BBF99 /* ya2.png */ = {isa = PBXFileReference; lastKnownFileType = image.png; path = ya2.png; sourceTree = "<group>"; };
		43A8588D158225E7007BBF99 /* ra2.png */ = {isa = PBXFileReference; lastKnownFileType = image.png; name = ra2.png; path = ../../Dropbox/jawitiles/ra2.png; sourceTree = SOURCE_ROOT; };
		43A858A715822911007BBF99 /* la1.png */ = {isa = PBXFileReference; lastKnownFileType = image.png; path = la1.png; sourceTree = "<group>"; };
		43A858B115822972007BBF99 /* wau3.png */ = {isa = PBXFileReference; lastKnownFileType = image.png; path = wau3.png; sourceTree = "<group>"; };
		43A8B9E215803C20000096AF /* sin1.png */ = {isa = PBXFileReference; lastKnownFileType = image.png; path = sin1.png; sourceTree = "<group>"; };
		43A8B9E415803C3C000096AF /* lam2.png */ = {isa = PBXFileReference; lastKnownFileType = image.png; path = lam2.png; sourceTree = "<group>"; };
		43A8B9E615803C43000096AF /* alif2.png */ = {isa = PBXFileReference; lastKnownFileType = image.png; path = alif2.png; sourceTree = "<group>"; };
		43A8B9F015803D7F000096AF /* mim0.png */ = {isa = PBXFileReference; lastKnownFileType = image.png; path = mim0.png; sourceTree = "<group>"; };
		43ACBABE157E1501005544A5 /* dash3.png */ = {isa = PBXFileReference; lastKnownFileType = image.png; path = dash3.png; sourceTree = "<group>"; };
		43B0A5E015631D8B008618CF /* AbjadConstants.h */ = {isa = PBXFileReference; fileEncoding = 4; lastKnownFileType = sourcecode.c.h; path = AbjadConstants.h; sourceTree = "<group>"; };
		43CE1894156BAF150056E7C3 /* PanelGrid.h */ = {isa = PBXFileReference; fileEncoding = 4; lastKnownFileType = sourcecode.c.h; path = PanelGrid.h; sourceTree = "<group>"; };
		43CE1895156BAF150056E7C3 /* PanelGrid.m */ = {isa = PBXFileReference; fileEncoding = 4; lastKnownFileType = sourcecode.c.objc; path = PanelGrid.m; sourceTree = "<group>"; };
		43CE18C2156BBC820056E7C3 /* bagrid.png */ = {isa = PBXFileReference; lastKnownFileType = image.png; path = bagrid.png; sourceTree = "<group>"; };
		43EDCFE915689F3A002AD3E7 /* ra1.png */ = {isa = PBXFileReference; lastKnownFileType = image.png; path = ra1.png; sourceTree = "<group>"; };
		43EDCFEB15689F3E002AD3E7 /* nga0.png */ = {isa = PBXFileReference; lastKnownFileType = image.png; path = nga0.png; sourceTree = "<group>"; };
		43EDD00A1568A2CC002AD3E7 /* nun2.png */ = {isa = PBXFileReference; lastKnownFileType = image.png; path = nun2.png; sourceTree = "<group>"; };
		43EDD0151568B1C3002AD3E7 /* ba1.png */ = {isa = PBXFileReference; lastKnownFileType = image.png; path = ba1.png; sourceTree = "<group>"; };
		8D1107310486CEB800E47090 /* jTile-Info.plist */ = {isa = PBXFileReference; fileEncoding = 4; lastKnownFileType = text.plist.xml; path = "jTile-Info.plist"; plistStructureDefinitionIdentifier = "com.apple.xcode.plist.structure-definition.iphone.info-plist"; sourceTree = "<group>"; };
/* End PBXFileReference section */

/* Begin PBXFrameworksBuildPhase section */
		1D60588F0D05DD3D006BFB54 /* Frameworks */ = {
			isa = PBXFrameworksBuildPhase;
			buildActionMask = 2147483647;
			files = (
				1D60589F0D05DD5A006BFB54 /* Foundation.framework in Frameworks */,
				1DF5F4E00D08C38300B7A737 /* UIKit.framework in Frameworks */,
				288765A50DF7441C002DB57D /* CoreGraphics.framework in Frameworks */,
			);
			runOnlyForDeploymentPostprocessing = 0;
		};
/* End PBXFrameworksBuildPhase section */

/* Begin PBXGroup section */
		080E96DDFE201D6D7F000001 /* Classes */ = {
			isa = PBXGroup;
			children = (
				43B0A5E015631D8B008618CF /* AbjadConstants.h */,
				1D3623240D0F684500981E51 /* jTileAppDelegate.h */,
				1D3623250D0F684500981E51 /* jTileAppDelegate.m */,
				28D7ACF60DDB3853001CB0EB /* jTileViewController.h */,
				28D7ACF70DDB3853001CB0EB /* jTileViewController.m */,
				139B5E1D1574F9D50017C267 /* JawiLetter.h */,
				139B5E1E1574F9D50017C267 /* JawiLetter.m */,
				43CE1894156BAF150056E7C3 /* PanelGrid.h */,
				43CE1895156BAF150056E7C3 /* PanelGrid.m */,
			);
			path = Classes;
			sourceTree = "<group>";
		};
		19C28FACFE9D520D11CA2CBB /* Products */ = {
			isa = PBXGroup;
			children = (
				1D6058910D05DD3D006BFB54 /* jTile.app */,
			);
			name = Products;
			sourceTree = "<group>";
		};
		29B97314FDCFA39411CA2CEA /* CustomTemplate */ = {
			isa = PBXGroup;
			children = (
				080E96DDFE201D6D7F000001 /* Classes */,
				29B97315FDCFA39411CA2CEA /* Other Sources */,
				29B97317FDCFA39411CA2CEA /* Resources */,
				29B97323FDCFA39411CA2CEA /* Frameworks */,
				19C28FACFE9D520D11CA2CBB /* Products */,
			);
			name = CustomTemplate;
			sourceTree = "<group>";
		};
		29B97315FDCFA39411CA2CEA /* Other Sources */ = {
			isa = PBXGroup;
			children = (
				32CA4F630368D1EE00C91783 /* jTile_Prefix.pch */,
				29B97316FDCFA39411CA2CEA /* main.m */,
			);
			name = "Other Sources";
			sourceTree = "<group>";
		};
		29B97317FDCFA39411CA2CEA /* Resources */ = {
			isa = PBXGroup;
			children = (
				43CBCEF1155CC2CF007DC602 /* Letters */,
				2899E5210DE3E06400AC0155 /* jTileViewController.xib */,
				28AD733E0D9D9553002E5188 /* MainWindow.xib */,
				8D1107310486CEB800E47090 /* jTile-Info.plist */,
				13ED44C8156392A8009C51CC /* TypeList.plist */,
				4344AD651565FD580042185D /* ObjectSpelling.plist */,
				437CBC16156DCBBB004BDB97 /* LetterList.plist */,
			);
			name = Resources;
			sourceTree = "<group>";
		};
		29B97323FDCFA39411CA2CEA /* Frameworks */ = {
			isa = PBXGroup;
			children = (
				1DF5F4DF0D08C38300B7A737 /* UIKit.framework */,
				1D30AB110D05D00D00671497 /* Foundation.framework */,
				288765A40DF7441C002DB57D /* CoreGraphics.framework */,
			);
			name = Frameworks;
			sourceTree = "<group>";
		};
		43CBCEF1155CC2CF007DC602 /* Letters */ = {
			isa = PBXGroup;
			children = (
				13A2F789158474AD00C5D828 /* hamzah1.png */,
				437DD3111583265300343EE3 /* alif1.png */,
				43A8B9E615803C43000096AF /* alif2.png */,
				431DC3CF1577CD1F00494407 /* ba0.png */,
				43EDD0151568B1C3002AD3E7 /* ba1.png */,
				13A2F7261584639E00C5D828 /* ba2.png */,
				13A2F75A158471F600C5D828 /* ba3.png */,
				13A2F7031584613C00C5D828 /* ta0.png */,
				437DD46F15836AA400343EE3 /* ta1.png */,
				437DD4931583729600343EE3 /* jim1.png */,
				13A2F5D4158432F100C5D828 /* ca1.png */,
				13A2F5D61584334900C5D828 /* ca2.png */,
				43EDCFE915689F3A002AD3E7 /* ra1.png */,
				43A8588D158225E7007BBF99 /* ra2.png */,
				13A2F665158447D900C5D828 /* zai0.png */,
				13A2F6BF15844BC000C5D828 /* zai1.png */,
				13A2F667158447E500C5D828 /* zai2.png */,
				13A2F77C1584743A00C5D828 /* sin0.png */,
				43A8B9E215803C20000096AF /* sin1.png */,
				13A2F71D1584638200C5D828 /* dad1.png */,
				13A2F7551584719800C5D828 /* ain1.png */,
				13A2F728158464BC00C5D828 /* ain3.png */,
				43EDCFEB15689F3E002AD3E7 /* nga0.png */,
				437DD49F1583730F00343EE3 /* nga3.png */,
				13A2F6C815844C2900C5D828 /* fa1.png */,
				13A2F76F158473D100C5D828 /* pa1.png */,
				1363ED68157CA4D100C0639B /* qaf0.png */,
				434621CF1583A48800D2F60D /* lam1.png */,
				43A8B9E415803C3C000096AF /* lam2.png */,
				43A858A715822911007BBF99 /* la1.png */,
				43A8585915821FDA007BBF99 /* la2.png */,
				43A8585B15821FE6007BBF99 /* la3.png */,
				43A8B9F015803D7F000096AF /* mim0.png */,
				13A2F60D1584371700C5D828 /* mim1.png */,
				13A2F6EC158460D100C5D828 /* mim2.png */,
				437DD30F1583264C00343EE3 /* mim3.png */,
				43EDD00A1568A2CC002AD3E7 /* nun2.png */,
				43905CDA1571188F00620E6A /* nun1.png */,
				43A8583F15821657007BBF99 /* wau1.png */,
				43A858411582165D007BBF99 /* wau2.png */,
				43A858B115822972007BBF99 /* wau3.png */,
				13A2F6A815844B1600C5D828 /* va0.png */,
				13A2F69715844AA700C5D828 /* va2.png */,
				13A2F69915844AAD00C5D828 /* va3.png */,
				13A2F6CC15844CA800C5D828 /* ho3.png */,
				13A2F6CA15844C6B00C5D828 /* tam3.png */,
				437DD2AB15830B4D00343EE3 /* ya1.png */,
				43A8587515822425007BBF99 /* ya2.png */,
				13A2F77A158473F800C5D828 /* hamzah0.png */,
				13A2F5F61584364600C5D828 /* dua0.png */,
				13A2F5F8158436AC00C5D828 /* dua3.png */,
				43905CE915711B5E00620E6A /* dash0.png */,
				43905CEB15711B6300620E6A /* dash1.png */,
				437DD34A15835F0900343EE3 /* dash2.png */,
				43ACBABE157E1501005544A5 /* dash3.png */,
				43CE18C2156BBC820056E7C3 /* bagrid.png */,
			);
			name = Letters;
			sourceTree = "<group>";
		};
/* End PBXGroup section */

/* Begin PBXNativeTarget section */
		1D6058900D05DD3D006BFB54 /* jTile */ = {
			isa = PBXNativeTarget;
			buildConfigurationList = 1D6058960D05DD3E006BFB54 /* Build configuration list for PBXNativeTarget "jTile" */;
			buildPhases = (
				1D60588D0D05DD3D006BFB54 /* Resources */,
				1D60588E0D05DD3D006BFB54 /* Sources */,
				1D60588F0D05DD3D006BFB54 /* Frameworks */,
			);
			buildRules = (
			);
			dependencies = (
			);
			name = jTile;
			productName = jTile;
			productReference = 1D6058910D05DD3D006BFB54 /* jTile.app */;
			productType = "com.apple.product-type.application";
		};
/* End PBXNativeTarget section */

/* Begin PBXProject section */
		29B97313FDCFA39411CA2CEA /* Project object */ = {
			isa = PBXProject;
			buildConfigurationList = C01FCF4E08A954540054247B /* Build configuration list for PBXProject "jTile" */;
			compatibilityVersion = "Xcode 3.2";
			developmentRegion = English;
			hasScannedForEncodings = 1;
			knownRegions = (
				English,
				Japanese,
				French,
				German,
			);
			mainGroup = 29B97314FDCFA39411CA2CEA /* CustomTemplate */;
			projectDirPath = "";
			projectRoot = "";
			targets = (
				1D6058900D05DD3D006BFB54 /* jTile */,
			);
		};
/* End PBXProject section */

/* Begin PBXResourcesBuildPhase section */
		1D60588D0D05DD3D006BFB54 /* Resources */ = {
			isa = PBXResourcesBuildPhase;
			buildActionMask = 2147483647;
			files = (
				28AD733F0D9D9553002E5188 /* MainWindow.xib in Resources */,
				2899E5220DE3E06400AC0155 /* jTileViewController.xib in Resources */,
				13ED44C9156392A8009C51CC /* TypeList.plist in Resources */,
				4344AD661565FD580042185D /* ObjectSpelling.plist in Resources */,
				43EDCFEA15689F3A002AD3E7 /* ra1.png in Resources */,
				43EDCFEC15689F3E002AD3E7 /* nga0.png in Resources */,
				43EDD00B1568A2CC002AD3E7 /* nun2.png in Resources */,
				43EDD0161568B1C3002AD3E7 /* ba1.png in Resources */,
				43CE18C3156BBC820056E7C3 /* bagrid.png in Resources */,
				437CBC17156DCBBB004BDB97 /* LetterList.plist in Resources */,
				43905CDB1571188F00620E6A /* nun1.png in Resources */,
				43905CEA15711B5E00620E6A /* dash0.png in Resources */,
				43905CEC15711B6300620E6A /* dash1.png in Resources */,
				431DC3D01577CD1F00494407 /* ba0.png in Resources */,
				1363ED69157CA4D100C0639B /* qaf0.png in Resources */,
				43ACBABF157E1501005544A5 /* dash3.png in Resources */,
				43A8B9E315803C20000096AF /* sin1.png in Resources */,
				43A8B9E515803C3C000096AF /* lam2.png in Resources */,
				43A8B9E715803C43000096AF /* alif2.png in Resources */,
				43A8B9F115803D7F000096AF /* mim0.png in Resources */,
				43A8584015821657007BBF99 /* wau1.png in Resources */,
				43A858421582165D007BBF99 /* wau2.png in Resources */,
				43A8585A15821FDA007BBF99 /* la2.png in Resources */,
				43A8585C15821FE6007BBF99 /* la3.png in Resources */,
				43A8587615822425007BBF99 /* ya2.png in Resources */,
				43A8588E158225E7007BBF99 /* ra2.png in Resources */,
				43A858A815822911007BBF99 /* la1.png in Resources */,
				43A858B215822972007BBF99 /* wau3.png in Resources */,
				437DD2AC15830B4D00343EE3 /* ya1.png in Resources */,
				437DD3101583264C00343EE3 /* mim3.png in Resources */,
				437DD3121583265300343EE3 /* alif1.png in Resources */,
				437DD34B15835F0900343EE3 /* dash2.png in Resources */,
				437DD47015836AA400343EE3 /* ta1.png in Resources */,
				437DD4941583729600343EE3 /* jim1.png in Resources */,
				437DD4A01583730F00343EE3 /* nga3.png in Resources */,
				434621D01583A48800D2F60D /* lam1.png in Resources */,
				13A2F5D5158432F100C5D828 /* ca1.png in Resources */,
				13A2F5D71584334900C5D828 /* ca2.png in Resources */,
				13A2F5F71584364600C5D828 /* dua0.png in Resources */,
				13A2F5F9158436AC00C5D828 /* dua3.png in Resources */,
				13A2F60E1584371700C5D828 /* mim1.png in Resources */,
				13A2F666158447D900C5D828 /* zai0.png in Resources */,
				13A2F668158447E500C5D828 /* zai2.png in Resources */,
				13A2F69815844AA700C5D828 /* va2.png in Resources */,
				13A2F69A15844AAD00C5D828 /* va3.png in Resources */,
				13A2F6A915844B1600C5D828 /* va0.png in Resources */,
				13A2F6C015844BC000C5D828 /* zai1.png in Resources */,
				13A2F6C915844C2900C5D828 /* fa1.png in Resources */,
				13A2F6CB15844C6B00C5D828 /* tam3.png in Resources */,
				13A2F6CD15844CA800C5D828 /* ho3.png in Resources */,
				13A2F6ED158460D100C5D828 /* mim2.png in Resources */,
				13A2F7041584613C00C5D828 /* ta0.png in Resources */,
				13A2F71E1584638200C5D828 /* dad1.png in Resources */,
				13A2F7271584639E00C5D828 /* ba2.png in Resources */,
				13A2F729158464BC00C5D828 /* ain3.png in Resources */,
				13A2F7561584719800C5D828 /* ain1.png in Resources */,
				13A2F75B158471F600C5D828 /* ba3.png in Resources */,
				13A2F770158473D100C5D828 /* pa1.png in Resources */,
				13A2F77B158473F800C5D828 /* hamzah0.png in Resources */,
				13A2F77D1584743A00C5D828 /* sin0.png in Resources */,
				13A2F78A158474AD00C5D828 /* hamzah1.png in Resources */,
			);
			runOnlyForDeploymentPostprocessing = 0;
		};
/* End PBXResourcesBuildPhase section */

/* Begin PBXSourcesBuildPhase section */
		1D60588E0D05DD3D006BFB54 /* Sources */ = {
			isa = PBXSourcesBuildPhase;
			buildActionMask = 2147483647;
			files = (
				1D60589B0D05DD56006BFB54 /* main.m in Sources */,
				1D3623260D0F684500981E51 /* jTileAppDelegate.m in Sources */,
				28D7ACF80DDB3853001CB0EB /* jTileViewController.m in Sources */,
				43CE1896156BAF150056E7C3 /* PanelGrid.m in Sources */,
				139B5E1F1574F9D50017C267 /* JawiLetter.m in Sources */,
			);
			runOnlyForDeploymentPostprocessing = 0;
		};
/* End PBXSourcesBuildPhase section */

/* Begin XCBuildConfiguration section */
		1D6058940D05DD3E006BFB54 /* Debug */ = {
			isa = XCBuildConfiguration;
			buildSettings = {
				ALWAYS_SEARCH_USER_PATHS = NO;
				COPY_PHASE_STRIP = NO;
				GCC_DYNAMIC_NO_PIC = NO;
				GCC_OPTIMIZATION_LEVEL = 0;
				GCC_PRECOMPILE_PREFIX_HEADER = YES;
				GCC_PREFIX_HEADER = jTile_Prefix.pch;
				INFOPLIST_FILE = "jTile-Info.plist";
				PRODUCT_NAME = jTile;
			};
			name = Debug;
		};
		1D6058950D05DD3E006BFB54 /* Release */ = {
			isa = XCBuildConfiguration;
			buildSettings = {
				ALWAYS_SEARCH_USER_PATHS = NO;
				COPY_PHASE_STRIP = YES;
				GCC_PRECOMPILE_PREFIX_HEADER = YES;
				GCC_PREFIX_HEADER = jTile_Prefix.pch;
				INFOPLIST_FILE = "jTile-Info.plist";
				PRODUCT_NAME = jTile;
				VALIDATE_PRODUCT = YES;
			};
			name = Release;
		};
		C01FCF4F08A954540054247B /* Debug */ = {
			isa = XCBuildConfiguration;
			buildSettings = {
				ARCHS = "$(ARCHS_STANDARD_32_BIT)";
				"CODE_SIGN_IDENTITY[sdk=iphoneos*]" = "iPhone Developer";
				GCC_C_LANGUAGE_STANDARD = c99;
				GCC_WARN_ABOUT_RETURN_TYPE = YES;
				GCC_WARN_UNUSED_VARIABLE = YES;
				PREBINDING = NO;
				SDKROOT = iphoneos;
			};
			name = Debug;
		};
		C01FCF5008A954540054247B /* Release */ = {
			isa = XCBuildConfiguration;
			buildSettings = {
				ARCHS = "$(ARCHS_STANDARD_32_BIT)";
				"CODE_SIGN_IDENTITY[sdk=iphoneos*]" = "iPhone Developer";
				GCC_C_LANGUAGE_STANDARD = c99;
				GCC_WARN_ABOUT_RETURN_TYPE = YES;
				GCC_WARN_UNUSED_VARIABLE = YES;
				OTHER_CFLAGS = "-DNS_BLOCK_ASSERTIONS=1";
				PREBINDING = NO;
				SDKROOT = iphoneos;
			};
			name = Release;
		};
/* End XCBuildConfiguration section */

/* Begin XCConfigurationList section */
		1D6058960D05DD3E006BFB54 /* Build configuration list for PBXNativeTarget "jTile" */ = {
			isa = XCConfigurationList;
			buildConfigurations = (
				1D6058940D05DD3E006BFB54 /* Debug */,
				1D6058950D05DD3E006BFB54 /* Release */,
			);
			defaultConfigurationIsVisible = 0;
			defaultConfigurationName = Release;
		};
		C01FCF4E08A954540054247B /* Build configuration list for PBXProject "jTile" */ = {
			isa = XCConfigurationList;
			buildConfigurations = (
				C01FCF4F08A954540054247B /* Debug */,
				C01FCF5008A954540054247B /* Release */,
			);
			defaultConfigurationIsVisible = 0;
			defaultConfigurationName = Release;
		};
/* End XCConfigurationList section */
	};
	rootObject = 29B97313FDCFA39411CA2CEA /* Project object */;
}
